# Hash-locked Python environments, split by function.
#
# Generated by tools/supplychain/supply_chain.py from the pinned requirement
# sources and the reviewed wheelhouse; the machine-readable manifest standeth
# beside it at docs/supplychain/DEPENDENCIES.json. Install a lane with:
#
#   pip install --require-hashes --no-index --find-links <wheelhouse> \
#       $(sed -n '/^# lane: dev$/,/^# end lane/p' requirements.lock | grep -v '^#')
#
# status: PINNED

# lane: content
# the full content pipeline, including the native model stack whose build needs an NDK toolchain and the external NATIVE_MODELS gate
# status: PINNED
cffi==2.1.1 --hash=sha256:661c298b4821edebead0c91edd2b00374d67ad7c5a1f7a91d4442633b79d6a72
cryptography==50.0.0 --hash=sha256:031e2d5dd4bb9caa3ca9c82e5a197fd8ae680232cee62603d1a813f3f07e3d03
diskcache==5.6.3 --hash=sha256:5e31b2d5fbad117cc363ebaf6b689474db18a1f6438bc82358b024abd4c2ca19
jinja2==3.1.6 --hash=sha256:85ece4451f492d0c13c5dd7c13a64681a86afae63a5f347908daf103ce6d2f67
llama-cpp-python==0.3.2 --hash=sha256:8fbf246a55a999f45015ed0d48f91b4ae04ae959827fac1cd6ac6ec65aed2e2f
markdown-it-py==3.0.0 --hash=sha256:355216845c60bd96232cd8d8c40e8f9765cc86f46880e43a8fd22dc1a1a8cab1
markupsafe==3.0.3 --hash=sha256:c47a551199eb8eb2121d4f0f15ae0f923d31350ab9280078d1e5f12b249e0026
mdurl==0.1.2 --hash=sha256:84008a41e51615a49fc9966191ff91509e3c40b939176e643fd50a5c2196b8f8
numpy==2.1.3 --hash=sha256:aa08e04e08aaf974d4458def539dece0d28146d866a39da5639596f4921fd761
pycparser==3.0 --hash=sha256:b727414169a36b7d524c1c3e31839a521725078d7b2ff038656844266160a992
pyphen==0.18.1 --hash=sha256:0aa9051e15928cecadd4c632cea0258ba57215b2a197a39baa46abcdb0f47e84
pyyaml==6.0.2 --hash=sha256:d584d9ec91ad65861cc08d42e834324ef890a082e591037abe114850ff7bbc3e
setuptools==84.0.0 --hash=sha256:51a52592b3b99e102b609654876bd65f19f999935166d1352678931132b0c670
textstat==0.7.4 --hash=sha256:53a36cbcf4d21312d28cdc5a316917031667a57303e375a184d83fd52b95a407
typing-extensions==4.16.0 --hash=sha256:481caa481374e813c1b176ada14e97f1f67a4539ce9cfeb3f350d78d6370c2e8
# end lane

# lane: dev
# repository verification and lexical Archive builds; the source stateth that no native or model stack is needed, so its closure is small enough to restore whole from a local wheelhouse
# status: PINNED
cffi==2.1.1 --hash=sha256:661c298b4821edebead0c91edd2b00374d67ad7c5a1f7a91d4442633b79d6a72
cryptography==50.0.0 --hash=sha256:031e2d5dd4bb9caa3ca9c82e5a197fd8ae680232cee62603d1a813f3f07e3d03
pycparser==3.0 --hash=sha256:b727414169a36b7d524c1c3e31839a521725078d7b2ff038656844266160a992
pyyaml==6.0.2 --hash=sha256:d584d9ec91ad65861cc08d42e834324ef890a082e591037abe114850ff7bbc3e
# end lane

# lane: eval
# the offline retrieval evaluation, which the source noteth is the only consumer of numpy
# status: PINNED
numpy==2.1.3 --hash=sha256:aa08e04e08aaf974d4458def539dece0d28146d866a39da5639596f4921fd761
# end lane

# lane: native
# the model stack: its closure is a subset of the content lane's, so it reuseth that resolution rather than downloading the same blobs twice, and its sdist must be compiled against the NDK toolchain, which belongeth to the external NATIVE_MODELS gate
# status: PINNED
cffi==2.1.1 --hash=sha256:661c298b4821edebead0c91edd2b00374d67ad7c5a1f7a91d4442633b79d6a72
cryptography==50.0.0 --hash=sha256:031e2d5dd4bb9caa3ca9c82e5a197fd8ae680232cee62603d1a813f3f07e3d03
diskcache==5.6.3 --hash=sha256:5e31b2d5fbad117cc363ebaf6b689474db18a1f6438bc82358b024abd4c2ca19
jinja2==3.1.6 --hash=sha256:85ece4451f492d0c13c5dd7c13a64681a86afae63a5f347908daf103ce6d2f67
llama-cpp-python==0.3.2 --hash=sha256:8fbf246a55a999f45015ed0d48f91b4ae04ae959827fac1cd6ac6ec65aed2e2f
markdown-it-py==3.0.0 --hash=sha256:355216845c60bd96232cd8d8c40e8f9765cc86f46880e43a8fd22dc1a1a8cab1
markupsafe==3.0.3 --hash=sha256:c47a551199eb8eb2121d4f0f15ae0f923d31350ab9280078d1e5f12b249e0026
mdurl==0.1.2 --hash=sha256:84008a41e51615a49fc9966191ff91509e3c40b939176e643fd50a5c2196b8f8
numpy==2.1.3 --hash=sha256:aa08e04e08aaf974d4458def539dece0d28146d866a39da5639596f4921fd761
pycparser==3.0 --hash=sha256:b727414169a36b7d524c1c3e31839a521725078d7b2ff038656844266160a992
pyphen==0.18.1 --hash=sha256:0aa9051e15928cecadd4c632cea0258ba57215b2a197a39baa46abcdb0f47e84
pyyaml==6.0.2 --hash=sha256:d584d9ec91ad65861cc08d42e834324ef890a082e591037abe114850ff7bbc3e
setuptools==84.0.0 --hash=sha256:51a52592b3b99e102b609654876bd65f19f999935166d1352678931132b0c670
textstat==0.7.4 --hash=sha256:53a36cbcf4d21312d28cdc5a316917031667a57303e375a184d83fd52b95a407
typing-extensions==4.16.0 --hash=sha256:481caa481374e813c1b176ada14e97f1f67a4539ce9cfeb3f350d78d6370c2e8
# end lane

# lane: signing
# the Ed25519 signing and verification path of content/archive_manifest.py; its closure is a subset of the dev lane's and is delivered as wheels, so it is the lane that can be restored whole offline on any interpreter
# status: PINNED
cffi==2.1.1 --hash=sha256:661c298b4821edebead0c91edd2b00374d67ad7c5a1f7a91d4442633b79d6a72
cryptography==50.0.0 --hash=sha256:031e2d5dd4bb9caa3ca9c82e5a197fd8ae680232cee62603d1a813f3f07e3d03
pycparser==3.0 --hash=sha256:b727414169a36b7d524c1c3e31839a521725078d7b2ff038656844266160a992
# end lane
